
Microsoft Visual Studio Solution File, Format Version 12.00
# Visual Studio Version 17
VisualStudioVersion = 17.5.33516.290
MinimumVisualStudioVersion = 10.0.40219.1
Project("{FAE04EC0-301F-11D3-BF4B-00C04F79EFBC}") = "lab-03-mylanguage", "lab-03-mylanguage\lab-03-mylanguage.csproj", "{3CF5AFD0-9BAC-415C-96B8-5EC6C3C993FC}"
EndProject
Global
	GlobalSection(SolutionConfigurationPlatforms) = preSolution
		Debug|Any CPU = Debug|Any CPU
		Release|Any CPU = Release|Any CPU
	EndGlobalSection
	GlobalSection(ProjectConfigurationPlatforms) = postSolution
		{3CF5AFD0-9BAC-415C-96B8-5EC6C3C993FC}.Debug|Any CPU.ActiveCfg = Debug|Any CPU
		{3CF5AFD0-9BAC-415C-96B8-5EC6C3C993FC}.Debug|Any CPU.Build.0 = Debug|Any CPU
		{3CF5AFD0-9BAC-415C-96B8-5EC6C3C993FC}.Release|Any CPU.ActiveCfg = Release|Any CPU
		{3CF5AFD0-9BAC-415C-96B8-5EC6C3C993FC}.Release|Any CPU.Build.0 = Release|Any CPU
	EndGlobalSection
	GlobalSection(SolutionProperties) = preSolution
		HideSolutionNode = FALSE
	EndGlobalSection
	GlobalSection(ExtensibilityGlobals) = postSolution
		SolutionGuid = {50E90850-3729-4308-A517-B364146FA557}
	EndGlobalSection
EndGlobal
